
Microsoft Visual Studio Solution File, Format Version 12.00
# Visual Studio 2012
Project("{FAE04EC0-301F-11D3-BF4B-00C04F79EFBC}") = "vivianClothing", "vivianClothing\vivianClothing.csproj", "{4729728A-3C6A-4017-8AE2-10192731AB49}"
EndProject
Project("{FAE04EC0-301F-11D3-BF4B-00C04F79EFBC}") = "vivianClothing.Tests", "vivianClothing.Tests\vivianClothing.Tests.csproj", "{6B559B9A-FF58-4288-A7B1-3507BAA4BA82}"
EndProject
Global
	GlobalSection(SolutionConfigurationPlatforms) = preSolution
		Debug|Any CPU = Debug|Any CPU
		Release|Any CPU = Release|Any CPU
	EndGlobalSection
	GlobalSection(ProjectConfigurationPlatforms) = postSolution
		{4729728A-3C6A-4017-8AE2-10192731AB49}.Debug|Any CPU.ActiveCfg = Debug|Any CPU
		{4729728A-3C6A-4017-8AE2-10192731AB49}.Debug|Any CPU.Build.0 = Debug|Any CPU
		{4729728A-3C6A-4017-8AE2-10192731AB49}.Release|Any CPU.ActiveCfg = Release|Any CPU
		{4729728A-3C6A-4017-8AE2-10192731AB49}.Release|Any CPU.Build.0 = Release|Any CPU
		{6B559B9A-FF58-4288-A7B1-3507BAA4BA82}.Debug|Any CPU.ActiveCfg = Debug|Any CPU
		{6B559B9A-FF58-4288-A7B1-3507BAA4BA82}.Debug|Any CPU.Build.0 = Debug|Any CPU
		{6B559B9A-FF58-4288-A7B1-3507BAA4BA82}.Release|Any CPU.ActiveCfg = Release|Any CPU
		{6B559B9A-FF58-4288-A7B1-3507BAA4BA82}.Release|Any CPU.Build.0 = Release|Any CPU
	EndGlobalSection
	GlobalSection(SolutionProperties) = preSolution
		HideSolutionNode = FALSE
	EndGlobalSection
EndGlobal
